<?xml version="1.0" encoding="utf-8"?>
<Project ToolsVersion="4.0" xmlns="http://schemas.microsoft.com/developer/msbuild/2003">
  <ItemGroup>
    <Filter Include="Source Files">
      <UniqueIdentifier>{4FC737F1-C7A5-4376-A066-2A32D752A2FF}</UniqueIdentifier>
      <Extensions>cpp;c;cc;cxx;c++;cppm;ixx;def;odl;idl;hpj;bat;asm;asmx</Extensions>
    </Filter>
    <Filter Include="Header Files">
      <UniqueIdentifier>{93995380-89BD-4b04-88EB-625FBE52EBFB}</UniqueIdentifier>
      <Extensions>h;hh;hpp;hxx;h++;hm;inl;inc;ipp;xsd</Extensions>
    </Filter>
    <Filter Include="Resource Files">
      <UniqueIdentifier>{67DA6AB6-F800-4c08-8B7A-83BB121AAD01}</UniqueIdentifier>
      <Extensions>rc;ico;cur;bmp;dlg;rc2;rct;bin;rgs;gif;jpg;jpeg;jpe;resx;tiff;tif;png;wav;mfcribbon-ms</Extensions>
    </Filter>
  </ItemGroup>
  <ItemGroup>
    <ClCompile Include="src\image.cpp">
      <Filter>Source Files</Filter>
    </ClCompile>
    <ClCompile Include="src\main.cpp">
      <Filter>Source Files</Filter>
    </ClCompile>
    <ClCompile Include="src\sound.cpp">
      <Filter>Source Files</Filter>
    </ClCompile>
    <ClCompile Include="src\music.cpp">
      <Filter>Source Files</Filter>
    </ClCompile>
    <ClCompile Include="src\GUI\button.cpp">
      <Filter>Source Files</Filter>
    </ClCompile>
    <ClCompile Include="src\GUI\checkbox.cpp">
      <Filter>Source Files</Filter>
    </ClCompile>
    <ClCompile Include="src\GUI\inputfield.cpp">
      <Filter>Source Files</Filter>
    </ClCompile>
    <ClCompile Include="src\GUI\ui.cpp">
      <Filter>Source Files</Filter>
    </ClCompile>
    <ClCompile Include="src\GUI\uimanager.cpp">
      <Filter>Source Files</Filter>
    </ClCompile>
    <ClCompile Include="src\GUI\textbutton.cpp">
      <Filter>Source Files</Filter>
    </ClCompile>
    <ClCompile Include="src\text.cpp">
      <Filter>Source Files</Filter>
    </ClCompile>
    <ClCompile Include="src\GUI\texttoggle.cpp">
      <Filter>Source Files</Filter>
    </ClCompile>
    <ClCompile Include="src\game.cpp">
      <Filter>Source Files</Filter>
    </ClCompile>
    <ClCompile Include="src\gamestate.cpp">
      <Filter>Source Files</Filter>
    </ClCompile>
    <ClCompile Include="src\GUI\slider.cpp">
      <Filter>Source Files</Filter>
    </ClCompile>
    <ClCompile Include="src\textbox.cpp">
      <Filter>Source Files</Filter>
    </ClCompile>
    <ClCompile Include="src\character.cpp">
      <Filter>Source Files</Filter>
    </ClCompile>
    <ClCompile Include="src\transform.cpp">
      <Filter>Source Files</Filter>
    </ClCompile>
    <ClCompile Include="src\RAII_SDL2\animation.cpp">
      <Filter>Source Files</Filter>
    </ClCompile>
    <ClCompile Include="src\RAII_SDL2\chunk.cpp">
      <Filter>Source Files</Filter>
    </ClCompile>
    <ClCompile Include="src\RAII_SDL2\font.cpp">
      <Filter>Source Files</Filter>
    </ClCompile>
    <ClCompile Include="src\RAII_SDL2\gamecontroller.cpp">
      <Filter>Source Files</Filter>
    </ClCompile>
    <ClCompile Include="src\RAII_SDL2\music.cpp">
      <Filter>Source Files</Filter>
    </ClCompile>
    <ClCompile Include="src\RAII_SDL2\renderer.cpp">
      <Filter>Source Files</Filter>
    </ClCompile>
    <ClCompile Include="src\RAII_SDL2\rwops.cpp">
      <Filter>Source Files</Filter>
    </ClCompile>
    <ClCompile Include="src\RAII_SDL2\sdl.cpp">
      <Filter>Source Files</Filter>
    </ClCompile>
    <ClCompile Include="src\RAII_SDL2\sdlimg.cpp">
      <Filter>Source Files</Filter>
    </ClCompile>
    <ClCompile Include="src\RAII_SDL2\sdlmixer.cpp">
      <Filter>Source Files</Filter>
    </ClCompile>
    <ClCompile Include="src\RAII_SDL2\sdlttf.cpp">
      <Filter>Source Files</Filter>
    </ClCompile>
    <ClCompile Include="src\RAII_SDL2\surface.cpp">
      <Filter>Source Files</Filter>
    </ClCompile>
    <ClCompile Include="src\RAII_SDL2\texture.cpp">
      <Filter>Source Files</Filter>
    </ClCompile>
    <ClCompile Include="src\RAII_SDL2\window.cpp">
      <Filter>Source Files</Filter>
    </ClCompile>
    <ClCompile Include="src\GUI\checkboxgroup.cpp">
      <Filter>Source Files</Filter>
    </ClCompile>
    <ClCompile Include="src\GUI\texttogglegroup.cpp">
      <Filter>Source Files</Filter>
    </ClCompile>
    <ClCompile Include="src\GUI\checkablegroup.cpp">
      <Filter>Source Files</Filter>
    </ClCompile>
    <ClCompile Include="src\GUI\checkable.cpp">
      <Filter>Source Files</Filter>
    </ClCompile>
    <ClCompile Include="src\ingame.cpp">
      <Filter>Source Files</Filter>
    </ClCompile>
    <ClCompile Include="src\GUI\confirmationpopup.cpp">
      <Filter>Source Files</Filter>
    </ClCompile>
    <ClCompile Include="src\transformstep.cpp">
      <Filter>Source Files</Filter>
    </ClCompile>
    <ClCompile Include="src\GUI\buttongroup.cpp">
      <Filter>Source Files</Filter>
    </ClCompile>
    <ClCompile Include="src\drawable.cpp">
      <Filter>Source Files</Filter>
    </ClCompile>
    <ClCompile Include="src\mainmenu.cpp">
      <Filter>Source Files</Filter>
    </ClCompile>
    <ClCompile Include="src\settingsmenu.cpp">
      <Filter>Source Files</Filter>
    </ClCompile>
    <ClCompile Include="src\transition.cpp">
      <Filter>Source Files</Filter>
    </ClCompile>
    <ClCompile Include="src\test.cpp">
      <Filter>Source Files</Filter>
    </ClCompile>
    <ClCompile Include="src\background.cpp">
      <Filter>Source Files</Filter>
    </ClCompile>
    <ClCompile Include="src\character_definition.cpp">
      <Filter>Source Files</Filter>
    </ClCompile>
    <ClCompile Include="src\Color\color.cpp">
      <Filter>Source Files</Filter>
    </ClCompile>
    <ClCompile Include="src\audiomanager.cpp">
      <Filter>Source Files</Filter>
    </ClCompile>
    <ClCompile Include="src\Color\conversion.cpp">
      <Filter>Source Files</Filter>
    </ClCompile>
    <ClCompile Include="src\Color\str.cpp">
      <Filter>Source Files</Filter>
    </ClCompile>
    <ClCompile Include="src\RAII_SDL2\channel.cpp">
      <Filter>Source Files</Filter>
    </ClCompile>
    <ClCompile Include="src\RAII_SDL2\events.cpp">
      <Filter>Source Files</Filter>
    </ClCompile>
    <ClCompile Include="src\script.cpp">
      <Filter>Source Files</Filter>
    </ClCompile>
    <ClCompile Include="src\scriptrunner.cpp">
      <Filter>Source Files</Filter>
    </ClCompile>
    <ClCompile Include="src\charactermanager.cpp">
      <Filter>Source Files</Filter>
    </ClCompile>
  </ItemGroup>
  <ItemGroup>
    <ClInclude Include="include\image.h">
      <Filter>Header Files</Filter>
    </ClInclude>
    <ClInclude Include="include\sound.h">
      <Filter>Header Files</Filter>
    </ClInclude>
    <ClInclude Include="include\music.h">
      <Filter>Header Files</Filter>
    </ClInclude>
    <ClInclude Include="include\GUI\button.h">
      <Filter>Header Files</Filter>
    </ClInclude>
    <ClInclude Include="include\GUI\checkbox.h">
      <Filter>Header Files</Filter>
    </ClInclude>
    <ClInclude Include="include\GUI\inputfield.h">
      <Filter>Header Files</Filter>
    </ClInclude>
    <ClInclude Include="include\GUI\ui.h">
      <Filter>Header Files</Filter>
    </ClInclude>
    <ClInclude Include="include\GUI\uimanager.h">
      <Filter>Header Files</Filter>
    </ClInclude>
    <ClInclude Include="include\GUI\textbutton.h">
      <Filter>Header Files</Filter>
    </ClInclude>
    <ClInclude Include="include\text.h">
      <Filter>Header Files</Filter>
    </ClInclude>
    <ClInclude Include="include\GUI\texttoggle.h">
      <Filter>Header Files</Filter>
    </ClInclude>
    <ClInclude Include="include\game.h">
      <Filter>Header Files</Filter>
    </ClInclude>
    <ClInclude Include="include\gamestate.h">
      <Filter>Header Files</Filter>
    </ClInclude>
    <ClInclude Include="include\GUI\slider.h">
      <Filter>Header Files</Filter>
    </ClInclude>
    <ClInclude Include="include\textbox.h">
      <Filter>Header Files</Filter>
    </ClInclude>
    <ClInclude Include="include\character.h">
      <Filter>Header Files</Filter>
    </ClInclude>
    <ClInclude Include="include\transform.h">
      <Filter>Header Files</Filter>
    </ClInclude>
    <ClInclude Include="include\RAII_SDL2\animation.h">
      <Filter>Header Files</Filter>
    </ClInclude>
    <ClInclude Include="include\RAII_SDL2\chunk.h">
      <Filter>Header Files</Filter>
    </ClInclude>
    <ClInclude Include="include\RAII_SDL2\font.h">
      <Filter>Header Files</Filter>
    </ClInclude>
    <ClInclude Include="include\RAII_SDL2\gamecontroller.h">
      <Filter>Header Files</Filter>
    </ClInclude>
    <ClInclude Include="include\RAII_SDL2\music.h">
      <Filter>Header Files</Filter>
    </ClInclude>
    <ClInclude Include="include\RAII_SDL2\renderer.h">
      <Filter>Header Files</Filter>
    </ClInclude>
    <ClInclude Include="include\RAII_SDL2\rwops.h">
      <Filter>Header Files</Filter>
    </ClInclude>
    <ClInclude Include="include\RAII_SDL2\sdl.h">
      <Filter>Header Files</Filter>
    </ClInclude>
    <ClInclude Include="include\RAII_SDL2\sdlimg.h">
      <Filter>Header Files</Filter>
    </ClInclude>
    <ClInclude Include="include\RAII_SDL2\sdlmixer.h">
      <Filter>Header Files</Filter>
    </ClInclude>
    <ClInclude Include="include\RAII_SDL2\sdlttf.h">
      <Filter>Header Files</Filter>
    </ClInclude>
    <ClInclude Include="include\RAII_SDL2\surface.h">
      <Filter>Header Files</Filter>
    </ClInclude>
    <ClInclude Include="include\RAII_SDL2\texture.h">
      <Filter>Header Files</Filter>
    </ClInclude>
    <ClInclude Include="include\RAII_SDL2\window.h">
      <Filter>Header Files</Filter>
    </ClInclude>
    <ClInclude Include="include\GUI\checkboxgroup.h">
      <Filter>Header Files</Filter>
    </ClInclude>
    <ClInclude Include="include\GUI\texttogglegroup.h">
      <Filter>Header Files</Filter>
    </ClInclude>
    <ClInclude Include="include\GUI\checkablegroup.h">
      <Filter>Header Files</Filter>
    </ClInclude>
    <ClInclude Include="include\GUI\checkable.h">
      <Filter>Header Files</Filter>
    </ClInclude>
    <ClInclude Include="include\ingame.h">
      <Filter>Header Files</Filter>
    </ClInclude>
    <ClInclude Include="include\GUI\confirmationpopup.h">
      <Filter>Header Files</Filter>
    </ClInclude>
    <ClInclude Include="include\transformstep.h">
      <Filter>Header Files</Filter>
    </ClInclude>
    <ClInclude Include="include\GUI\buttongroup.h">
      <Filter>Header Files</Filter>
    </ClInclude>
    <ClInclude Include="include\constants.h">
      <Filter>Header Files</Filter>
    </ClInclude>
    <ClInclude Include="include\drawable.h">
      <Filter>Header Files</Filter>
    </ClInclude>
    <ClInclude Include="include\mainmenu.h">
      <Filter>Header Files</Filter>
    </ClInclude>
    <ClInclude Include="include\settingsmenu.h">
      <Filter>Header Files</Filter>
    </ClInclude>
    <ClInclude Include="include\transition.h">
      <Filter>Header Files</Filter>
    </ClInclude>
    <ClInclude Include="include\pointereventdata.h">
      <Filter>Header Files</Filter>
    </ClInclude>
    <ClInclude Include="include\background.h">
      <Filter>Header Files</Filter>
    </ClInclude>
    <ClInclude Include="include\character_definition.h">
      <Filter>Header Files</Filter>
    </ClInclude>
    <ClInclude Include="include\Color\color.h">
      <Filter>Header Files</Filter>
    </ClInclude>
    <ClInclude Include="include\audiomanager.h">
      <Filter>Header Files</Filter>
    </ClInclude>
    <ClInclude Include="include\Color\conversion.h">
      <Filter>Header Files</Filter>
    </ClInclude>
    <ClInclude Include="include\Color\str.h">
      <Filter>Header Files</Filter>
    </ClInclude>
    <ClInclude Include="include\RAII_SDL2\channel.h">
      <Filter>Header Files</Filter>
    </ClInclude>
    <ClInclude Include="include\RAII_SDL2\events.h">
      <Filter>Header Files</Filter>
    </ClInclude>
    <ClInclude Include="include\script.h">
      <Filter>Header Files</Filter>
    </ClInclude>
    <ClInclude Include="include\scriptrunner.h">
      <Filter>Header Files</Filter>
    </ClInclude>
    <ClInclude Include="include\charactermanager.h">
      <Filter>Header Files</Filter>
    </ClInclude>
  </ItemGroup>
  <ItemGroup>
    <None Include="ClassDiagram.cd" />
  </ItemGroup>
</Project>